
Microsoft Visual Studio Solution File, Format Version 12.00
# Visual Studio 2015
Project("{FAE04EC0-301F-11D3-BF4B-00C04F79EFBC}") = "Project U.CSharp", "Project U.CSharp.csproj", "{0A107F67-4BD0-DCED-601A-DE95A3D626B5}"
EndProject
Global
	GlobalSection(SolutionConfigurationPlatforms) = preSolution
		Debug|Any CPU = Debug|Any CPU
		Release|Any CPU = Release|Any CPU
	EndGlobalSection
	GlobalSection(ProjectConfigurationPlatforms) = postSolution
		{0A107F67-4BD0-DCED-601A-DE95A3D626B5}.Debug|Any CPU.ActiveCfg = Debug|Any CPU
		{0A107F67-4BD0-DCED-601A-DE95A3D626B5}.Debug|Any CPU.Build.0 = Debug|Any CPU
		{0A107F67-4BD0-DCED-601A-DE95A3D626B5}.Release|Any CPU.ActiveCfg = Release|Any CPU
		{0A107F67-4BD0-DCED-601A-DE95A3D626B5}.Release|Any CPU.Build.0 = Release|Any CPU
	EndGlobalSection
	GlobalSection(SolutionProperties) = preSolution
		HideSolutionNode = FALSE
	EndGlobalSection
EndGlobal
